<?xml version="1.0" encoding="utf-8"?>
<Project ToolsVersion="4.0" xmlns="http://schemas.microsoft.com/developer/msbuild/2003">
  <ItemGroup>
    <ClCompile Include="gameBroad.cpp">
      <Filter>src</Filter>
    </ClCompile>
    <ClCompile Include="main.cpp">
      <Filter>src</Filter>
    </ClCompile>
    <ClCompile Include="gameBroad.h">
      <Filter>header</Filter>
    </ClCompile>
    <ClCompile Include="MiniMax.cpp" />
  </ItemGroup>
  <ItemGroup>
    <Filter Include="src">
      <UniqueIdentifier>{67a1eedb-c8a6-41a7-b374-8a029ff282f4}</UniqueIdentifier>
    </Filter>
    <Filter Include="header">
      <UniqueIdentifier>{b40b6b19-ebda-4c8c-899c-8a20ac1d1d22}</UniqueIdentifier>
    </Filter>
  </ItemGroup>
  <ItemGroup>
    <ClInclude Include="MiniMax.h" />
    <ClInclude Include="Node.h">
      <Filter>header</Filter>
    </ClInclude>
  </ItemGroup>
</Project>